// !$*UTF8*$!
{
	archiveVersion = 1;
	classes = {
	};
	objectVersion = 46;
	objects = {

/* Begin PBXBuildFile section */
		8113461A1C0F00EF00ADF009 /* AppDelegate.swift in Sources */ = {isa = PBXBuildFile; fileRef = 811346191C0F00EF00ADF009 /* AppDelegate.swift */; };
		8113461C1C0F00EF00ADF009 /* ViewController.swift in Sources */ = {isa = PBXBuildFile; fileRef = 8113461B1C0F00EF00ADF009 /* ViewController.swift */; };
		8113461F1C0F00EF00ADF009 /* Main.storyboard in Resources */ = {isa = PBXBuildFile; fileRef = 8113461D1C0F00EF00ADF009 /* Main.storyboard */; };
		811346211C0F00EF00ADF009 /* Images.xcassets in Resources */ = {isa = PBXBuildFile; fileRef = 811346201C0F00EF00ADF009 /* Images.xcassets */; };
		811346241C0F00EF00ADF009 /* LaunchScreen.xib in Resources */ = {isa = PBXBuildFile; fileRef = 811346221C0F00EF00ADF009 /* LaunchScreen.xib */; };
		811346301C0F00EF00ADF009 /* MusicGameTests.swift in Sources */ = {isa = PBXBuildFile; fileRef = 8113462F1C0F00EF00ADF009 /* MusicGameTests.swift */; };
		8113463A1C0F084A00ADF009 /* J. Cole - Black Friday (Alright Remix).mp3 in Resources */ = {isa = PBXBuildFile; fileRef = 811346391C0F084900ADF009 /* J. Cole - Black Friday (Alright Remix).mp3 */; };
/* End PBXBuildFile section */

/* Begin PBXContainerItemProxy section */
		8113462A1C0F00EF00ADF009 /* PBXContainerItemProxy */ = {
			isa = PBXContainerItemProxy;
			containerPortal = 8113460C1C0F00EF00ADF009 /* Project object */;
			proxyType = 1;
			remoteGlobalIDString = 811346131C0F00EF00ADF009;
			remoteInfo = MusicGame;
		};
/* End PBXContainerItemProxy section */

/* Begin PBXFileReference section */
		811346141C0F00EF00ADF009 /* MusicGame.app */ = {isa = PBXFileReference; explicitFileType = wrapper.application; includeInIndex = 0; path = MusicGame.app; sourceTree = BUILT_PRODUCTS_DIR; };
		811346181C0F00EF00ADF009 /* Info.plist */ = {isa = PBXFileReference; lastKnownFileType = text.plist.xml; path = Info.plist; sourceTree = "<group>"; };
		811346191C0F00EF00ADF009 /* AppDelegate.swift */ = {isa = PBXFileReference; lastKnownFileType = sourcecode.swift; path = AppDelegate.swift; sourceTree = "<group>"; };
		8113461B1C0F00EF00ADF009 /* ViewController.swift */ = {isa = PBXFileReference; lastKnownFileType = sourcecode.swift; path = ViewController.swift; sourceTree = "<group>"; };
		8113461E1C0F00EF00ADF009 /* Base */ = {isa = PBXFileReference; lastKnownFileType = file.storyboard; name = Base; path = Base.lproj/Main.storyboard; sourceTree = "<group>"; };
		811346201C0F00EF00ADF009 /* Images.xcassets */ = {isa = PBXFileReference; lastKnownFileType = folder.assetcatalog; path = Images.xcassets; sourceTree = "<group>"; };
		811346231C0F00EF00ADF009 /* Base */ = {isa = PBXFileReference; lastKnownFileType = file.xib; name = Base; path = Base.lproj/LaunchScreen.xib; sourceTree = "<group>"; };
		811346291C0F00EF00ADF009 /* MusicGameTests.xctest */ = {isa = PBXFileReference; explicitFileType = wrapper.cfbundle; includeInIndex = 0; path = MusicGameTests.xctest; sourceTree = BUILT_PRODUCTS_DIR; };
		8113462E1C0F00EF00ADF009 /* Info.plist */ = {isa = PBXFileReference; lastKnownFileType = text.plist.xml; path = Info.plist; sourceTree = "<group>"; };
		8113462F1C0F00EF00ADF009 /* MusicGameTests.swift */ = {isa = PBXFileReference; lastKnownFileType = sourcecode.swift; path = MusicGameTests.swift; sourceTree = "<group>"; };
		811346391C0F084900ADF009 /* J. Cole - Black Friday (Alright Remix).mp3 */ = {isa = PBXFileReference; lastKnownFileType = audio.mp3; path = "J. Cole - Black Friday (Alright Remix).mp3"; sourceTree = "<group>"; };
/* End PBXFileReference section */

/* Begin PBXFrameworksBuildPhase section */
		811346111C0F00EF00ADF009 /* Frameworks */ = {
			isa = PBXFrameworksBuildPhase;
			buildActionMask = 2147483647;
			files = (
			);
			runOnlyForDeploymentPostprocessing = 0;
		};
		811346261C0F00EF00ADF009 /* Frameworks */ = {
			isa = PBXFrameworksBuildPhase;
			buildActionMask = 2147483647;
			files = (
			);
			runOnlyForDeploymentPostprocessing = 0;
		};
/* End PBXFrameworksBuildPhase section */

/* Begin PBXGroup section */
		8113460B1C0F00EF00ADF009 = {
			isa = PBXGroup;
			children = (
				811346161C0F00EF00ADF009 /* MusicGame */,
				8113462C1C0F00EF00ADF009 /* MusicGameTests */,
				811346151C0F00EF00ADF009 /* Products */,
			);
			sourceTree = "<group>";
		};
		811346151C0F00EF00ADF009 /* Products */ = {
			isa = PBXGroup;
			children = (
				811346141C0F00EF00ADF009 /* MusicGame.app */,
				811346291C0F00EF00ADF009 /* MusicGameTests.xctest */,
			);
			name = Products;
			sourceTree = "<group>";
		};
		811346161C0F00EF00ADF009 /* MusicGame */ = {
			isa = PBXGroup;
			children = (
				811346191C0F00EF00ADF009 /* AppDelegate.swift */,
				8113461B1C0F00EF00ADF009 /* ViewController.swift */,
				811346391C0F084900ADF009 /* J. Cole - Black Friday (Alright Remix).mp3 */,
				8113461D1C0F00EF00ADF009 /* Main.storyboard */,
				811346201C0F00EF00ADF009 /* Images.xcassets */,
				811346221C0F00EF00ADF009 /* LaunchScreen.xib */,
				811346171C0F00EF00ADF009 /* Supporting Files */,
			);
			path = MusicGame;
			sourceTree = "<group>";
		};
		811346171C0F00EF00ADF009 /* Supporting Files */ = {
			isa = PBXGroup;
			children = (
				811346181C0F00EF00ADF009 /* Info.plist */,
			);
			name = "Supporting Files";
			sourceTree = "<group>";
		};
		8113462C1C0F00EF00ADF009 /* MusicGameTests */ = {
			isa = PBXGroup;
			children = (
				8113462F1C0F00EF00ADF009 /* MusicGameTests.swift */,
				8113462D1C0F00EF00ADF009 /* Supporting Files */,
			);
			path = MusicGameTests;
			sourceTree = "<group>";
		};
		8113462D1C0F00EF00ADF009 /* Supporting Files */ = {
			isa = PBXGroup;
			children = (
				8113462E1C0F00EF00ADF009 /* Info.plist */,
			);
			name = "Supporting Files";
			sourceTree = "<group>";
		};
/* End PBXGroup section */

/* Begin PBXNativeTarget section */
		811346131C0F00EF00ADF009 /* MusicGame */ = {
			isa = PBXNativeTarget;
			buildConfigurationList = 811346331C0F00EF00ADF009 /* Build configuration list for PBXNativeTarget "MusicGame" */;
			buildPhases = (
				811346101C0F00EF00ADF009 /* Sources */,
				811346111C0F00EF00ADF009 /* Frameworks */,
				811346121C0F00EF00ADF009 /* Resources */,
			);
			buildRules = (
			);
			dependencies = (
			);
			name = MusicGame;
			productName = MusicGame;
			productReference = 811346141C0F00EF00ADF009 /* MusicGame.app */;
			productType = "com.apple.product-type.application";
		};
		811346281C0F00EF00ADF009 /* MusicGameTests */ = {
			isa = PBXNativeTarget;
			buildConfigurationList = 811346361C0F00EF00ADF009 /* Build configuration list for PBXNativeTarget "MusicGameTests" */;
			buildPhases = (
				811346251C0F00EF00ADF009 /* Sources */,
				811346261C0F00EF00ADF009 /* Frameworks */,
				811346271C0F00EF00ADF009 /* Resources */,
			);
			buildRules = (
			);
			dependencies = (
				8113462B1C0F00EF00ADF009 /* PBXTargetDependency */,
			);
			name = MusicGameTests;
			productName = MusicGameTests;
			productReference = 811346291C0F00EF00ADF009 /* MusicGameTests.xctest */;
			productType = "com.apple.product-type.bundle.unit-test";
		};
/* End PBXNativeTarget section */

/* Begin PBXProject section */
		8113460C1C0F00EF00ADF009 /* Project object */ = {
			isa = PBXProject;
			attributes = {
				LastUpgradeCheck = 0630;
				ORGANIZATIONNAME = Kappa;
				TargetAttributes = {
					811346131C0F00EF00ADF009 = {
						CreatedOnToolsVersion = 6.3.1;
					};
					811346281C0F00EF00ADF009 = {
						CreatedOnToolsVersion = 6.3.1;
						TestTargetID = 811346131C0F00EF00ADF009;
					};
				};
			};
			buildConfigurationList = 8113460F1C0F00EF00ADF009 /* Build configuration list for PBXProject "MusicGame" */;
			compatibilityVersion = "Xcode 3.2";
			developmentRegion = English;
			hasScannedForEncodings = 0;
			knownRegions = (
				en,
				Base,
			);
			mainGroup = 8113460B1C0F00EF00ADF009;
			productRefGroup = 811346151C0F00EF00ADF009 /* Products */;
			projectDirPath = "";
			projectRoot = "";
			targets = (
				811346131C0F00EF00ADF009 /* MusicGame */,
				811346281C0F00EF00ADF009 /* MusicGameTests */,
			);
		};
/* End PBXProject section */

/* Begin PBXResourcesBuildPhase section */
		811346121C0F00EF00ADF009 /* Resources */ = {
			isa = PBXResourcesBuildPhase;
			buildActionMask = 2147483647;
			files = (
				8113461F1C0F00EF00ADF009 /* Main.storyboard in Resources */,
				8113463A1C0F084A00ADF009 /* J. Cole - Black Friday (Alright Remix).mp3 in Resources */,
				811346241C0F00EF00ADF009 /* LaunchScreen.xib in Resources */,
				811346211C0F00EF00ADF009 /* Images.xcassets in Resources */,
			);
			runOnlyForDeploymentPostprocessing = 0;
		};
		811346271C0F00EF00ADF009 /* Resources */ = {
			isa = PBXResourcesBuildPhase;
			buildActionMask = 2147483647;
			files = (
			);
			runOnlyForDeploymentPostprocessing = 0;
		};
/* End PBXResourcesBuildPhase section */

/* Begin PBXSourcesBuildPhase section */
		811346101C0F00EF00ADF009 /* Sources */ = {
			isa = PBXSourcesBuildPhase;
			buildActionMask = 2147483647;
			files = (
				8113461C1C0F00EF00ADF009 /* ViewController.swift in Sources */,
				8113461A1C0F00EF00ADF009 /* AppDelegate.swift in Sources */,
			);
			runOnlyForDeploymentPostprocessing = 0;
		};
		811346251C0F00EF00ADF009 /* Sources */ = {
			isa = PBXSourcesBuildPhase;
			buildActionMask = 2147483647;
			files = (
				811346301C0F00EF00ADF009 /* MusicGameTests.swift in Sources */,
			);
			runOnlyForDeploymentPostprocessing = 0;
		};
/* End PBXSourcesBuildPhase section */

/* Begin PBXTargetDependency section */
		8113462B1C0F00EF00ADF009 /* PBXTargetDependency */ = {
			isa = PBXTargetDependency;
			target = 811346131C0F00EF00ADF009 /* MusicGame */;
			targetProxy = 8113462A1C0F00EF00ADF009 /* PBXContainerItemProxy */;
		};
/* End PBXTargetDependency section */

/* Begin PBXVariantGroup section */
		8113461D1C0F00EF00ADF009 /* Main.storyboard */ = {
			isa = PBXVariantGroup;
			children = (
				8113461E1C0F00EF00ADF009 /* Base */,
			);
			name = Main.storyboard;
			sourceTree = "<group>";
		};
		811346221C0F00EF00ADF009 /* LaunchScreen.xib */ = {
			isa = PBXVariantGroup;
			children = (
				811346231C0F00EF00ADF009 /* Base */,
			);
			name = LaunchScreen.xib;
			sourceTree = "<group>";
		};
/* End PBXVariantGroup section */

/* Begin XCBuildConfiguration section */
		811346311C0F00EF00ADF009 /* Debug */ = {
			isa = XCBuildConfiguration;
			buildSettings = {
				ALWAYS_SEARCH_USER_PATHS = NO;
				CLANG_CXX_LANGUAGE_STANDARD = "gnu++0x";
				CLANG_CXX_LIBRARY = "libc++";
				CLANG_ENABLE_MODULES = YES;
				CLANG_ENABLE_OBJC_ARC = YES;
				CLANG_WARN_BOOL_CONVERSION = YES;
				CLANG_WARN_CONSTANT_CONVERSION = YES;
				CLANG_WARN_DIRECT_OBJC_ISA_USAGE = YES_ERROR;
				CLANG_WARN_EMPTY_BODY = YES;
				CLANG_WARN_ENUM_CONVERSION = YES;
				CLANG_WARN_INT_CONVERSION = YES;
				CLANG_WARN_OBJC_ROOT_CLASS = YES_ERROR;
				CLANG_WARN_UNREACHABLE_CODE = YES;
				CLANG_WARN__DUPLICATE_METHOD_MATCH = YES;
				"CODE_SIGN_IDENTITY[sdk=iphoneos*]" = "iPhone Developer";
				COPY_PHASE_STRIP = NO;
				DEBUG_INFORMATION_FORMAT = "dwarf-with-dsym";
				ENABLE_STRICT_OBJC_MSGSEND = YES;
				GCC_C_LANGUAGE_STANDARD = gnu99;
				GCC_DYNAMIC_NO_PIC = NO;
				GCC_NO_COMMON_BLOCKS = YES;
				GCC_OPTIMIZATION_LEVEL = 0;
				GCC_PREPROCESSOR_DEFINITIONS = (
					"DEBUG=1",
					"$(inherited)",
				);
				GCC_SYMBOLS_PRIVATE_EXTERN = NO;
				GCC_WARN_64_TO_32_BIT_CONVERSION = YES;
				GCC_WARN_ABOUT_RETURN_TYPE = YES_ERROR;
				GCC_WARN_UNDECLARED_SELECTOR = YES;
				GCC_WARN_UNINITIALIZED_AUTOS = YES_AGGRESSIVE;
				GCC_WARN_UNUSED_FUNCTION = YES;
				GCC_WARN_UNUSED_VARIABLE = YES;
				IPHONEOS_DEPLOYMENT_TARGET = 8.3;
				MTL_ENABLE_DEBUG_INFO = YES;
				ONLY_ACTIVE_ARCH = YES;
				SDKROOT = iphoneos;
				SWIFT_OPTIMIZATION_LEVEL = "-Onone";
			};
			name = Debug;
		};
		811346321C0F00EF00ADF009 /* Release */ = {
			isa = XCBuildConfiguration;
			buildSettings = {
				ALWAYS_SEARCH_USER_PATHS = NO;
				CLANG_CXX_LANGUAGE_STANDARD = "gnu++0x";
				CLANG_CXX_LIBRARY = "libc++";
				CLANG_ENABLE_MODULES = YES;
				CLANG_ENABLE_OBJC_ARC = YES;
				CLANG_WARN_BOOL_CONVERSION = YES;
				CLANG_WARN_CONSTANT_CONVERSION = YES;
				CLANG_WARN_DIRECT_OBJC_ISA_USAGE = YES_ERROR;
				CLANG_WARN_EMPTY_BODY = YES;
				CLANG_WARN_ENUM_CONVERSION = YES;
				CLANG_WARN_INT_CONVERSION = YES;
				CLANG_WARN_OBJC_ROOT_CLASS = YES_ERROR;
				CLANG_WARN_UNREACHABLE_CODE = YES;
				CLANG_WARN__DUPLICATE_METHOD_MATCH = YES;
				"CODE_SIGN_IDENTITY[sdk=iphoneos*]" = "iPhone Developer";
				COPY_PHASE_STRIP = NO;
				DEBUG_INFORMATION_FORMAT = "dwarf-with-dsym";
				ENABLE_NS_ASSERTIONS = NO;
				ENABLE_STRICT_OBJC_MSGSEND = YES;
				GCC_C_LANGUAGE_STANDARD = gnu99;
				GCC_NO_COMMON_BLOCKS = YES;
				GCC_WARN_64_TO_32_BIT_CONVERSION = YES;
				GCC_WARN_ABOUT_RETURN_TYPE = YES_ERROR;
				GCC_WARN_UNDECLARED_SELECTOR = YES;
				GCC_WARN_UNINITIALIZED_AUTOS = YES_AGGRESSIVE;
				GCC_WARN_UNUSED_FUNCTION = YES;
				GCC_WARN_UNUSED_VARIABLE = YES;
				IPHONEOS_DEPLOYMENT_TARGET = 8.3;
				MTL_ENABLE_DEBUG_INFO = NO;
				SDKROOT = iphoneos;
				VALIDATE_PRODUCT = YES;
			};
			name = Release;
		};
		811346341C0F00EF00ADF009 /* Debug */ = {
			isa = XCBuildConfiguration;
			buildSettings = {
				ASSETCATALOG_COMPILER_APPICON_NAME = AppIcon;
				INFOPLIST_FILE = MusicGame/Info.plist;
				LD_RUNPATH_SEARCH_PATHS = "$(inherited) @executable_path/Frameworks";
				PRODUCT_NAME = "$(TARGET_NAME)";
			};
			name = Debug;
		};
		811346351C0F00EF00ADF009 /* Release */ = {
			isa = XCBuildConfiguration;
			buildSettings = {
				ASSETCATALOG_COMPILER_APPICON_NAME = AppIcon;
				INFOPLIST_FILE = MusicGame/Info.plist;
				LD_RUNPATH_SEARCH_PATHS = "$(inherited) @executable_path/Frameworks";
				PRODUCT_NAME = "$(TARGET_NAME)";
			};
			name = Release;
		};
		811346371C0F00EF00ADF009 /* Debug */ = {
			isa = XCBuildConfiguration;
			buildSettings = {
				BUNDLE_LOADER = "$(TEST_HOST)";
				FRAMEWORK_SEARCH_PATHS = (
					"$(SDKROOT)/Developer/Library/Frameworks",
					"$(inherited)",
				);
				GCC_PREPROCESSOR_DEFINITIONS = (
					"DEBUG=1",
					"$(inherited)",
				);
				INFOPLIST_FILE = MusicGameTests/Info.plist;
				LD_RUNPATH_SEARCH_PATHS = "$(inherited) @executable_path/Frameworks @loader_path/Frameworks";
				PRODUCT_NAME = "$(TARGET_NAME)";
				TEST_HOST = "$(BUILT_PRODUCTS_DIR)/MusicGame.app/MusicGame";
			};
			name = Debug;
		};
		811346381C0F00EF00ADF009 /* Release */ = {
			isa = XCBuildConfiguration;
			buildSettings = {
				BUNDLE_LOADER = "$(TEST_HOST)";
				FRAMEWORK_SEARCH_PATHS = (
					"$(SDKROOT)/Developer/Library/Frameworks",
					"$(inherited)",
				);
				INFOPLIST_FILE = MusicGameTests/Info.plist;
				LD_RUNPATH_SEARCH_PATHS = "$(inherited) @executable_path/Frameworks @loader_path/Frameworks";
				PRODUCT_NAME = "$(TARGET_NAME)";
				TEST_HOST = "$(BUILT_PRODUCTS_DIR)/MusicGame.app/MusicGame";
			};
			name = Release;
		};
/* End XCBuildConfiguration section */

/* Begin XCConfigurationList section */
		8113460F1C0F00EF00ADF009 /* Build configuration list for PBXProject "MusicGame" */ = {
			isa = XCConfigurationList;
			buildConfigurations = (
				811346311C0F00EF00ADF009 /* Debug */,
				811346321C0F00EF00ADF009 /* Release */,
			);
			defaultConfigurationIsVisible = 0;
			defaultConfigurationName = Release;
		};
		811346331C0F00EF00ADF009 /* Build configuration list for PBXNativeTarget "MusicGame" */ = {
			isa = XCConfigurationList;
			buildConfigurations = (
				811346341C0F00EF00ADF009 /* Debug */,
				811346351C0F00EF00ADF009 /* Release */,
			);
			defaultConfigurationIsVisible = 0;
		};
		811346361C0F00EF00ADF009 /* Build configuration list for PBXNativeTarget "MusicGameTests" */ = {
			isa = XCConfigurationList;
			buildConfigurations = (
				811346371C0F00EF00ADF009 /* Debug */,
				811346381C0F00EF00ADF009 /* Release */,
			);
			defaultConfigurationIsVisible = 0;
		};
/* End XCConfigurationList section */
	};
	rootObject = 8113460C1C0F00EF00ADF009 /* Project object */;
}
